# GENERATED CODE - DO NOT MODIFY BY HAND.
schema: 1
release:
  tag: 'ghostty_vte-v0.2.0-beta.1'
artifacts:
  'linux-x64':
    archive_sha256: '28d87b94063c0234edd6a066cb4daa04ce364c0997ab2efeac80caed91b384c1'
    payload_sha256: '8b0d6d07103fcc66ff284bbd8a7f13463d85b0f2af2262dc8ff7dc09efaa0d10'
  'linux-arm64':
    archive_sha256: '03a0c5a23f2702bb3d454c6812b10d3590ff31dbfd39c65576415df0c8fc5d8e'
    payload_sha256: 'de8238be09abfc1db169e1060dd60295152f24f84de7ed329c1c32391fc56f0a'
  'macos-arm64':
    archive_sha256: '04d7ace9d203b05e5f9ac033060cbbba2d87420b0c6e0c21b82cc341cf1f3be3'
    payload_sha256: '854815db9f65e6ce40078c53af0d3972c69b8412c024a284ca6de8a04ea5f666'
  'macos-x64':
    archive_sha256: 'c86c9ef4f03d5d71a2d7002587e0712b3f801104cf920c7c6c45a84edcd1510f'
    payload_sha256: '671e037390a484462cd39ae62a8a8f5cfe396220b4c588f1598e93375be6195b'
  'windows-x64':
    archive_sha256: '9b1d47666675abbbb8d4f401cc73c50b93ab8771810329d698cc9840171031e4'
    payload_sha256: 'bfe0ad2bc2eb61183ea9cc67acb6c8de4c439d35eaee78aa2ecdba45b96c69b1'
  'windows-arm64':
    archive_sha256: '37b9a55ae2071d2cec6e69aef2bbdacc0a34bacf323970ca3f0cf011f5c4da4c'
    payload_sha256: '14c19932f7b7d0efcf64fa9dcbaad327c750ffde1a68363f2f8d3fc8f3fa6844'
  'android-arm64':
    archive_sha256: 'f7cebe7a6aa03e25744de3ddc9014889c782cdee9474a03b4fa68082f0fc5ef5'
    payload_sha256: '21c0b532f6292b9b191b835f01900dc52d21f8955a37da7f6c478a8c1ec182d7'
  'android-arm':
    archive_sha256: '936eec0f1efdb4f77b78a09c96c1ecfdb6f845a51f65c371203cadf15d203776'
    payload_sha256: 'af91a40b3083e6f692d61e98cc07306e8d74d0a7ddedd08fc0593cee387cc81a'
  'android-x64':
    archive_sha256: '19c298a732ba1e939a67a3802492e0dab913f3f934b957f0753165f60815d91e'
    payload_sha256: '08c428f5a99ab67ddc125af30d51653dc482bfe66189b0016f6b32eea51b4329'
  'ios-arm64':
    archive_sha256: '33129624022e85f24a845c446b0c16a0676b2d083d3159b0e3bd369937b179e4'
    payload_sha256: '9f0b486723196a2526787caba0c9d43dda0bafbb0c90c112a68437b379fd1a2f'
  'ios-sim-arm64':
    archive_sha256: 'ace983c704fbb5fa8464481412313e7d81e65745c9647a5fdfc8ba760c087cf1'
    payload_sha256: '27ed63358dc83fc45c292f4c9d05dc64e0eb0889c228681d2bc6e8aef7d4078a'
  'ios-sim-x64':
    archive_sha256: '18a98c06e6f232d8229b70a1bf36df551969d12f8edfa8b43d88b8eea6dc12f4'
    payload_sha256: '2d65c017f54cd706663b0838afc557fde50a8504321cd7673b50864097406e7a'
