# GENERATED CODE - DO NOT MODIFY BY HAND.
schema: 1
release:
  tag: 'ghostty_vte-v0.2.0-beta.2'
artifacts:
  'linux-x64':
    archive_sha256: '91b5b84c908ab5a13e357b949eb18a5da5eca98891ba8247919786b1768a0bb3'
    payload_sha256: '66ea9365558f3f687c0f9c1d220707b0fc44e2e23a111cb8ad3ec9408df9a1d7'
  'linux-arm64':
    archive_sha256: 'a8321bd08c0c3c57f027791b53471c76e607af392b5f303c814dbf8b7e5ea5c2'
    payload_sha256: '288f1da030985525a813acb481329b2a67e3e8322b5ed308b7da12379b5a0e20'
  'macos-arm64':
    archive_sha256: '043b71f79ba1e0657a79b79c67cc3fe886d8eba0ecb6e519b71d03526bc822f3'
    payload_sha256: 'fa9a3c9d4c55942830f881ce009d06a5ba6aa2b011242f4c8919a31142b423f4'
  'macos-x64':
    archive_sha256: 'd2c6640168ff5ba5c11760501b946c25bbff66753fd10fd5d4a0a6b27367b92d'
    payload_sha256: 'b7d2e5050597e2b346615a40ded8009ffd4416fbf68372d25f0a025718fe3c80'
  'windows-x64':
    archive_sha256: '1d2763ebc3b2340160e72226682f5c642762e7798c0b34422ad66c452b181f02'
    payload_sha256: '21dfa8d90c99b4af7151e53f47d39591ebcfbdc9ed5dc51576af8343fd2f34c5'
  'windows-arm64':
    archive_sha256: '4eefa9bd43518758115e6c308123980b98bf98280dd02389f4644054d8b121ad'
    payload_sha256: '2e998dcb6448ad70bc6e0b99d3de3cb8fe778408ceea93d65a9302bd5af65dae'
  'android-arm64':
    archive_sha256: 'd82d893fe7613c4f0aee402f2f305abb237f66f88c82adbaae008739d0ac368b'
    payload_sha256: 'be71ab860d9e7f10c62e424c9fb0120802f11393ce86c4434333754876efb65e'
  'android-arm':
    archive_sha256: 'c549afff500a2300a736a91eb6bbee09c27cac60af6ae5bee01871b4c57938bc'
    payload_sha256: 'a733799e299fe9da2c1bc14bec57a96b9813e28dc73455634351069658e9ea77'
  'android-x64':
    archive_sha256: '167e9eef26db02a8a3490bf08807e78ce884bb6449f79b19f94ce9a20390092b'
    payload_sha256: '21403ecdbd37414285b195a6f79361365366babf28e09fd647669b1164db2729'
  'ios-arm64':
    archive_sha256: '57cf5358f71b0aba2a6ba7f00ece568a74809f8a7e12ece4f600a212c3270f8f'
    payload_sha256: 'a6c2dcd8050ca6e13ed99195dbd255f92e9883ebec6d64b4414ea724b5e06ca1'
  'ios-sim-arm64':
    archive_sha256: 'fad6da06d8c98fc8b30d9e05b2290ba14ef98850bf214ecf744e089d95112c27'
    payload_sha256: 'c378761a3a834cad7d89a1573e78be20861a59a815377bcaf3cedffaf94bfd86'
  'ios-sim-x64':
    archive_sha256: '9688fbc39a85eafaca2fc7d73aa6ef0c3737d41fb4e699f42890496b797bb344'
    payload_sha256: '470df82e69775da9e7158c89dd49ddb3934ab3634a2c031dcba9ab91a98ada9c'
