# GENERATED CODE - DO NOT MODIFY BY HAND.
schema: 1
release:
  tag: 'portable_pty-v0.0.7-beta.2'
artifacts:
  'linux-x64':
    archive_sha256: 'e2dc9bacdcf51f411a7c48ad90a2caedc33ffc33d9ce59ef915b92f903c59f6d'
    payload_sha256: '814a1e2859945c2c667b247873edb14cc16c82a27d042bf4abf60e1ce456fdc2'
  'linux-arm64':
    archive_sha256: 'fc2613f9785bae4924e9a46c6b1d5f4c5e7110471baa8a3445793f68922dc9db'
    payload_sha256: '4e32d1f831368a1f3616ad273a15ea386ad584e93147f8dfd3476f7052706e87'
  'macos-arm64':
    archive_sha256: '19a758232626cb2e033a52ee7e87cee3520f545dee14b45ba06db437072490ea'
    payload_sha256: '2b7e2adbbb7a8bf4e5e145c0627d9913f71792b6566e451ff41e67d215127c0c'
  'macos-x64':
    archive_sha256: '876e5d36ff2a9ce5abcf34df38eb49899aa670491ba5a0a7aa4abfad890fa882'
    payload_sha256: '13bb51fa872d9afac0c4599b888111bb6540b26b6fe22dff619e1c7925597204'
  'windows-x64':
    archive_sha256: 'b66ceb285e9388db7c98164e84e65d4c1ffdf161c4ed236c8970021f11249022'
    payload_sha256: '45c9128734d422a397938924a3242df48a2a13459a79169c049d3a96d178d066'
  'windows-arm64':
    archive_sha256: '8b8d44d62622c4ee91e3cd9fdded8bfc31e5a987112f058995ecd8fc126a52e3'
    payload_sha256: 'b09b2d1cfa320471678e5641350924dad4100a3798d6e557b7d279055a9ffe3a'
  'android-arm64':
    archive_sha256: '7b2ba3644fdf340fddc685e5d085a5062172e01413a621982d893abd3c600d3b'
    payload_sha256: '51cc345ce8060223c0bf178611061ff5716d14d9f0a6c0c1ccf7a98021ea8d92'
  'android-arm':
    archive_sha256: 'c9dc432d22c49dec3a2e4fb965de4438736284cc094374ea7bbe4b5f98e9d858'
    payload_sha256: '3aef38b36476a8ce4b5344594ea7de536409fa9337dcc3a4658175b076c44fd7'
  'android-x64':
    archive_sha256: 'b017f244b938945b10c486ec596477f8531d88c5b3c2b86a367424a474c7b739'
    payload_sha256: 'd99feec672718ead325dc6da7fce5ca3df8cacc0c1e3fd608b19b9be925c4a5b'
  'ios-arm64':
    archive_sha256: 'db2f9472fe9bab549631e03d55ddf7ad3fef3a3a2bd17ceffb070537b98542e9'
    payload_sha256: 'b883e148b6cb30870fa6fc60fa8f59f60f581ccb65bf436f5c68f082498ecb96'
  'ios-sim-arm64':
    archive_sha256: '3a9cf37f587fe5a0c64044d9f1070e8f0c0d381d8b6982fee5fbbc23eef9991d'
    payload_sha256: '445f5f61ec6b3319437b9ce995c93bb04b56f75c5d2f7373f374f8fffc03f59f'
  'ios-sim-x64':
    archive_sha256: '2c1afbdc7a5a4aabfcbb1af3dfe0f70e7410472e61172f1665733de58515c3ba'
    payload_sha256: '45cf8c3cdf340cc2d1560c8ba76a434d29333e5aa42920294573afb12802f4cc'
